// !$*UTF8*$!
{
	archiveVersion = 1;
	classes = {
	};
	objectVersion = 56;
	objects = {

/* Begin PBXBuildFile section */
		2629BADE2A8476A200B5DA5A /* PapagoViewController.swift in Sources */ = {isa = PBXBuildFile; fileRef = 2629BADD2A8476A200B5DA5A /* PapagoViewController.swift */; };
		268B5A4C2A84B2F100EAE11C /* KakaoKoGPTViewController.swift in Sources */ = {isa = PBXBuildFile; fileRef = 268B5A4B2A84B2F100EAE11C /* KakaoKoGPTViewController.swift */; };
		26C90BDF2A809668000D03DF /* AppDelegate.swift in Sources */ = {isa = PBXBuildFile; fileRef = 26C90BDE2A809668000D03DF /* AppDelegate.swift */; };
		26C90BE12A809668000D03DF /* SceneDelegate.swift in Sources */ = {isa = PBXBuildFile; fileRef = 26C90BE02A809668000D03DF /* SceneDelegate.swift */; };
		26C90BE32A809668000D03DF /* ViewController.swift in Sources */ = {isa = PBXBuildFile; fileRef = 26C90BE22A809668000D03DF /* ViewController.swift */; };
		26C90BE62A809668000D03DF /* Main.storyboard in Resources */ = {isa = PBXBuildFile; fileRef = 26C90BE42A809668000D03DF /* Main.storyboard */; };
		26C90BE82A80966A000D03DF /* Assets.xcassets in Resources */ = {isa = PBXBuildFile; fileRef = 26C90BE72A80966A000D03DF /* Assets.xcassets */; };
		26C90BEB2A80966A000D03DF /* LaunchScreen.storyboard in Resources */ = {isa = PBXBuildFile; fileRef = 26C90BE92A80966A000D03DF /* LaunchScreen.storyboard */; };
		26C90BF42A8096AD000D03DF /* Alamofire in Frameworks */ = {isa = PBXBuildFile; productRef = 26C90BF32A8096AD000D03DF /* Alamofire */; };
		26C90BF72A8096B9000D03DF /* Kingfisher in Frameworks */ = {isa = PBXBuildFile; productRef = 26C90BF62A8096B9000D03DF /* Kingfisher */; };
		26C90BFA2A8096C5000D03DF /* SwiftyJSON in Frameworks */ = {isa = PBXBuildFile; productRef = 26C90BF92A8096C5000D03DF /* SwiftyJSON */; };
		26C90BFC2A809BA3000D03DF /* .gitignore in Resources */ = {isa = PBXBuildFile; fileRef = 26C90BFB2A809BA3000D03DF /* .gitignore */; };
		26C90C002A809C58000D03DF /* APIKey.swift in Sources */ = {isa = PBXBuildFile; fileRef = 26C90BFF2A809C58000D03DF /* APIKey.swift */; };
		26E5EA1A2A81C4CE00CCDF90 /* WeatherViewController.swift in Sources */ = {isa = PBXBuildFile; fileRef = 26E5EA192A81C4CE00CCDF90 /* WeatherViewController.swift */; };
		26E5EA1C2A81E79600CCDF90 /* VideoViewController.swift in Sources */ = {isa = PBXBuildFile; fileRef = 26E5EA1B2A81E79600CCDF90 /* VideoViewController.swift */; };
		26E862C72A83230600DC9D8F /* VideoTableViewCell.swift in Sources */ = {isa = PBXBuildFile; fileRef = 26E862C62A83230600DC9D8F /* VideoTableViewCell.swift */; };
		26E9508C2A85BA9F0017EB88 /* ReusableViewProtocol.swift in Sources */ = {isa = PBXBuildFile; fileRef = 26E9508B2A85BA9F0017EB88 /* ReusableViewProtocol.swift */; };
		26E9508F2A85BD000017EB88 /* UserDefaultsHelper.swift in Sources */ = {isa = PBXBuildFile; fileRef = 26E9508E2A85BD000017EB88 /* UserDefaultsHelper.swift */; };
/* End PBXBuildFile section */

/* Begin PBXFileReference section */
		2629BADD2A8476A200B5DA5A /* PapagoViewController.swift */ = {isa = PBXFileReference; lastKnownFileType = sourcecode.swift; path = PapagoViewController.swift; sourceTree = "<group>"; };
		268B5A4B2A84B2F100EAE11C /* KakaoKoGPTViewController.swift */ = {isa = PBXFileReference; lastKnownFileType = sourcecode.swift; path = KakaoKoGPTViewController.swift; sourceTree = "<group>"; };
		26C90BDB2A809668000D03DF /* Networking_week4.app */ = {isa = PBXFileReference; explicitFileType = wrapper.application; includeInIndex = 0; path = Networking_week4.app; sourceTree = BUILT_PRODUCTS_DIR; };
		26C90BDE2A809668000D03DF /* AppDelegate.swift */ = {isa = PBXFileReference; lastKnownFileType = sourcecode.swift; path = AppDelegate.swift; sourceTree = "<group>"; };
		26C90BE02A809668000D03DF /* SceneDelegate.swift */ = {isa = PBXFileReference; lastKnownFileType = sourcecode.swift; path = SceneDelegate.swift; sourceTree = "<group>"; };
		26C90BE22A809668000D03DF /* ViewController.swift */ = {isa = PBXFileReference; lastKnownFileType = sourcecode.swift; path = ViewController.swift; sourceTree = "<group>"; };
		26C90BE52A809668000D03DF /* Base */ = {isa = PBXFileReference; lastKnownFileType = file.storyboard; name = Base; path = Base.lproj/Main.storyboard; sourceTree = "<group>"; };
		26C90BE72A80966A000D03DF /* Assets.xcassets */ = {isa = PBXFileReference; lastKnownFileType = folder.assetcatalog; path = Assets.xcassets; sourceTree = "<group>"; };
		26C90BEA2A80966A000D03DF /* Base */ = {isa = PBXFileReference; lastKnownFileType = file.storyboard; name = Base; path = Base.lproj/LaunchScreen.storyboard; sourceTree = "<group>"; };
		26C90BEC2A80966A000D03DF /* Info.plist */ = {isa = PBXFileReference; lastKnownFileType = text.plist.xml; path = Info.plist; sourceTree = "<group>"; };
		26C90BFB2A809BA3000D03DF /* .gitignore */ = {isa = PBXFileReference; lastKnownFileType = text; path = .gitignore; sourceTree = "<group>"; };
		26C90BFF2A809C58000D03DF /* APIKey.swift */ = {isa = PBXFileReference; lastKnownFileType = sourcecode.swift; path = APIKey.swift; sourceTree = "<group>"; };
		26E5EA192A81C4CE00CCDF90 /* WeatherViewController.swift */ = {isa = PBXFileReference; lastKnownFileType = sourcecode.swift; path = WeatherViewController.swift; sourceTree = "<group>"; };
		26E5EA1B2A81E79600CCDF90 /* VideoViewController.swift */ = {isa = PBXFileReference; lastKnownFileType = sourcecode.swift; path = VideoViewController.swift; sourceTree = "<group>"; };
		26E862C62A83230600DC9D8F /* VideoTableViewCell.swift */ = {isa = PBXFileReference; lastKnownFileType = sourcecode.swift; path = VideoTableViewCell.swift; sourceTree = "<group>"; };
		26E9508B2A85BA9F0017EB88 /* ReusableViewProtocol.swift */ = {isa = PBXFileReference; lastKnownFileType = sourcecode.swift; path = ReusableViewProtocol.swift; sourceTree = "<group>"; };
		26E9508E2A85BD000017EB88 /* UserDefaultsHelper.swift */ = {isa = PBXFileReference; lastKnownFileType = sourcecode.swift; path = UserDefaultsHelper.swift; sourceTree = "<group>"; };
/* End PBXFileReference section */

/* Begin PBXFrameworksBuildPhase section */
		26C90BD82A809668000D03DF /* Frameworks */ = {
			isa = PBXFrameworksBuildPhase;
			buildActionMask = 2147483647;
			files = (
				26C90BFA2A8096C5000D03DF /* SwiftyJSON in Frameworks */,
				26C90BF72A8096B9000D03DF /* Kingfisher in Frameworks */,
				26C90BF42A8096AD000D03DF /* Alamofire in Frameworks */,
			);
			runOnlyForDeploymentPostprocessing = 0;
		};
/* End PBXFrameworksBuildPhase section */

/* Begin PBXGroup section */
		2629BADF2A8477FA00B5DA5A /* Papago */ = {
			isa = PBXGroup;
			children = (
				2629BADD2A8476A200B5DA5A /* PapagoViewController.swift */,
			);
			path = Papago;
			sourceTree = "<group>";
		};
		268B5A4A2A84B2A000EAE11C /* KakaoKoGPT */ = {
			isa = PBXGroup;
			children = (
				268B5A4B2A84B2F100EAE11C /* KakaoKoGPTViewController.swift */,
			);
			path = KakaoKoGPT;
			sourceTree = "<group>";
		};
		268B5A4D2A84B36800EAE11C /* Moive */ = {
			isa = PBXGroup;
			children = (
				26C90BE22A809668000D03DF /* ViewController.swift */,
			);
			path = Moive;
			sourceTree = "<group>";
		};
		268B5A4E2A84B37F00EAE11C /* Weather */ = {
			isa = PBXGroup;
			children = (
				26E5EA192A81C4CE00CCDF90 /* WeatherViewController.swift */,
			);
			path = Weather;
			sourceTree = "<group>";
		};
		26C90BD22A809668000D03DF = {
			isa = PBXGroup;
			children = (
				26C90BDD2A809668000D03DF /* Networking_week4 */,
				26C90BDC2A809668000D03DF /* Products */,
			);
			sourceTree = "<group>";
		};
		26C90BDC2A809668000D03DF /* Products */ = {
			isa = PBXGroup;
			children = (
				26C90BDB2A809668000D03DF /* Networking_week4.app */,
			);
			name = Products;
			sourceTree = "<group>";
		};
		26C90BDD2A809668000D03DF /* Networking_week4 */ = {
			isa = PBXGroup;
			children = (
				26C90BDE2A809668000D03DF /* AppDelegate.swift */,
				26C90BE02A809668000D03DF /* SceneDelegate.swift */,
				268B5A4E2A84B37F00EAE11C /* Weather */,
				268B5A4D2A84B36800EAE11C /* Moive */,
				268B5A4A2A84B2A000EAE11C /* KakaoKoGPT */,
				2629BADF2A8477FA00B5DA5A /* Papago */,
				26E862C82A83230900DC9D8F /* KaKaoVideo */,
				26E9508D2A85BAA40017EB88 /* Protocol */,
				26C90BE42A809668000D03DF /* Main.storyboard */,
				26C90BE72A80966A000D03DF /* Assets.xcassets */,
				26C90BE92A80966A000D03DF /* LaunchScreen.storyboard */,
				26C90BEC2A80966A000D03DF /* Info.plist */,
				26C90BFB2A809BA3000D03DF /* .gitignore */,
				26C90BFF2A809C58000D03DF /* APIKey.swift */,
				26E9508E2A85BD000017EB88 /* UserDefaultsHelper.swift */,
			);
			path = Networking_week4;
			sourceTree = "<group>";
		};
		26E862C82A83230900DC9D8F /* KaKaoVideo */ = {
			isa = PBXGroup;
			children = (
				26E5EA1B2A81E79600CCDF90 /* VideoViewController.swift */,
				26E862C62A83230600DC9D8F /* VideoTableViewCell.swift */,
			);
			path = KaKaoVideo;
			sourceTree = "<group>";
		};
		26E9508D2A85BAA40017EB88 /* Protocol */ = {
			isa = PBXGroup;
			children = (
				26E9508B2A85BA9F0017EB88 /* ReusableViewProtocol.swift */,
			);
			path = Protocol;
			sourceTree = "<group>";
		};
/* End PBXGroup section */

/* Begin PBXNativeTarget section */
		26C90BDA2A809668000D03DF /* Networking_week4 */ = {
			isa = PBXNativeTarget;
			buildConfigurationList = 26C90BEF2A80966A000D03DF /* Build configuration list for PBXNativeTarget "Networking_week4" */;
			buildPhases = (
				26C90BD72A809668000D03DF /* Sources */,
				26C90BD82A809668000D03DF /* Frameworks */,
				26C90BD92A809668000D03DF /* Resources */,
			);
			buildRules = (
			);
			dependencies = (
			);
			name = Networking_week4;
			packageProductDependencies = (
				26C90BF32A8096AD000D03DF /* Alamofire */,
				26C90BF62A8096B9000D03DF /* Kingfisher */,
				26C90BF92A8096C5000D03DF /* SwiftyJSON */,
			);
			productName = Networking_week4;
			productReference = 26C90BDB2A809668000D03DF /* Networking_week4.app */;
			productType = "com.apple.product-type.application";
		};
/* End PBXNativeTarget section */

/* Begin PBXProject section */
		26C90BD32A809668000D03DF /* Project object */ = {
			isa = PBXProject;
			attributes = {
				BuildIndependentTargetsInParallel = 1;
				LastSwiftUpdateCheck = 1430;
				LastUpgradeCheck = 1430;
				TargetAttributes = {
					26C90BDA2A809668000D03DF = {
						CreatedOnToolsVersion = 14.3.1;
					};
				};
			};
			buildConfigurationList = 26C90BD62A809668000D03DF /* Build configuration list for PBXProject "Networking_week4" */;
			compatibilityVersion = "Xcode 14.0";
			developmentRegion = en;
			hasScannedForEncodings = 0;
			knownRegions = (
				en,
				Base,
			);
			mainGroup = 26C90BD22A809668000D03DF;
			packageReferences = (
				26C90BF22A8096AD000D03DF /* XCRemoteSwiftPackageReference "Alamofire" */,
				26C90BF52A8096B9000D03DF /* XCRemoteSwiftPackageReference "Kingfisher" */,
				26C90BF82A8096C5000D03DF /* XCRemoteSwiftPackageReference "SwiftyJSON" */,
			);
			productRefGroup = 26C90BDC2A809668000D03DF /* Products */;
			projectDirPath = "";
			projectRoot = "";
			targets = (
				26C90BDA2A809668000D03DF /* Networking_week4 */,
			);
		};
/* End PBXProject section */

/* Begin PBXResourcesBuildPhase section */
		26C90BD92A809668000D03DF /* Resources */ = {
			isa = PBXResourcesBuildPhase;
			buildActionMask = 2147483647;
			files = (
				26C90BFC2A809BA3000D03DF /* .gitignore in Resources */,
				26C90BEB2A80966A000D03DF /* LaunchScreen.storyboard in Resources */,
				26C90BE82A80966A000D03DF /* Assets.xcassets in Resources */,
				26C90BE62A809668000D03DF /* Main.storyboard in Resources */,
			);
			runOnlyForDeploymentPostprocessing = 0;
		};
/* End PBXResourcesBuildPhase section */

/* Begin PBXSourcesBuildPhase section */
		26C90BD72A809668000D03DF /* Sources */ = {
			isa = PBXSourcesBuildPhase;
			buildActionMask = 2147483647;
			files = (
				26E5EA1C2A81E79600CCDF90 /* VideoViewController.swift in Sources */,
				26E5EA1A2A81C4CE00CCDF90 /* WeatherViewController.swift in Sources */,
				26C90BE32A809668000D03DF /* ViewController.swift in Sources */,
				268B5A4C2A84B2F100EAE11C /* KakaoKoGPTViewController.swift in Sources */,
				26C90BDF2A809668000D03DF /* AppDelegate.swift in Sources */,
				2629BADE2A8476A200B5DA5A /* PapagoViewController.swift in Sources */,
				26E862C72A83230600DC9D8F /* VideoTableViewCell.swift in Sources */,
				26E9508F2A85BD000017EB88 /* UserDefaultsHelper.swift in Sources */,
				26C90BE12A809668000D03DF /* SceneDelegate.swift in Sources */,
				26E9508C2A85BA9F0017EB88 /* ReusableViewProtocol.swift in Sources */,
				26C90C002A809C58000D03DF /* APIKey.swift in Sources */,
			);
			runOnlyForDeploymentPostprocessing = 0;
		};
/* End PBXSourcesBuildPhase section */

/* Begin PBXVariantGroup section */
		26C90BE42A809668000D03DF /* Main.storyboard */ = {
			isa = PBXVariantGroup;
			children = (
				26C90BE52A809668000D03DF /* Base */,
			);
			name = Main.storyboard;
			sourceTree = "<group>";
		};
		26C90BE92A80966A000D03DF /* LaunchScreen.storyboard */ = {
			isa = PBXVariantGroup;
			children = (
				26C90BEA2A80966A000D03DF /* Base */,
			);
			name = LaunchScreen.storyboard;
			sourceTree = "<group>";
		};
/* End PBXVariantGroup section */

/* Begin XCBuildConfiguration section */
		26C90BED2A80966A000D03DF /* Debug */ = {
			isa = XCBuildConfiguration;
			buildSettings = {
				ALWAYS_SEARCH_USER_PATHS = NO;
				CLANG_ANALYZER_NONNULL = YES;
				CLANG_ANALYZER_NUMBER_OBJECT_CONVERSION = YES_AGGRESSIVE;
				CLANG_CXX_LANGUAGE_STANDARD = "gnu++20";
				CLANG_ENABLE_MODULES = YES;
				CLANG_ENABLE_OBJC_ARC = YES;
				CLANG_ENABLE_OBJC_WEAK = YES;
				CLANG_WARN_BLOCK_CAPTURE_AUTORELEASING = YES;
				CLANG_WARN_BOOL_CONVERSION = YES;
				CLANG_WARN_COMMA = YES;
				CLANG_WARN_CONSTANT_CONVERSION = YES;
				CLANG_WARN_DEPRECATED_OBJC_IMPLEMENTATIONS = YES;
				CLANG_WARN_DIRECT_OBJC_ISA_USAGE = YES_ERROR;
				CLANG_WARN_DOCUMENTATION_COMMENTS = YES;
				CLANG_WARN_EMPTY_BODY = YES;
				CLANG_WARN_ENUM_CONVERSION = YES;
				CLANG_WARN_INFINITE_RECURSION = YES;
				CLANG_WARN_INT_CONVERSION = YES;
				CLANG_WARN_NON_LITERAL_NULL_CONVERSION = YES;
				CLANG_WARN_OBJC_IMPLICIT_RETAIN_SELF = YES;
				CLANG_WARN_OBJC_LITERAL_CONVERSION = YES;
				CLANG_WARN_OBJC_ROOT_CLASS = YES_ERROR;
				CLANG_WARN_QUOTED_INCLUDE_IN_FRAMEWORK_HEADER = YES;
				CLANG_WARN_RANGE_LOOP_ANALYSIS = YES;
				CLANG_WARN_STRICT_PROTOTYPES = YES;
				CLANG_WARN_SUSPICIOUS_MOVE = YES;
				CLANG_WARN_UNGUARDED_AVAILABILITY = YES_AGGRESSIVE;
				CLANG_WARN_UNREACHABLE_CODE = YES;
				CLANG_WARN__DUPLICATE_METHOD_MATCH = YES;
				COPY_PHASE_STRIP = NO;
				DEBUG_INFORMATION_FORMAT = dwarf;
				ENABLE_STRICT_OBJC_MSGSEND = YES;
				ENABLE_TESTABILITY = YES;
				GCC_C_LANGUAGE_STANDARD = gnu11;
				GCC_DYNAMIC_NO_PIC = NO;
				GCC_NO_COMMON_BLOCKS = YES;
				GCC_OPTIMIZATION_LEVEL = 0;
				GCC_PREPROCESSOR_DEFINITIONS = (
					"DEBUG=1",
					"$(inherited)",
				);
				GCC_WARN_64_TO_32_BIT_CONVERSION = YES;
				GCC_WARN_ABOUT_RETURN_TYPE = YES_ERROR;
				GCC_WARN_UNDECLARED_SELECTOR = YES;
				GCC_WARN_UNINITIALIZED_AUTOS = YES_AGGRESSIVE;
				GCC_WARN_UNUSED_FUNCTION = YES;
				GCC_WARN_UNUSED_VARIABLE = YES;
				IPHONEOS_DEPLOYMENT_TARGET = 16.4;
				MTL_ENABLE_DEBUG_INFO = INCLUDE_SOURCE;
				MTL_FAST_MATH = YES;
				ONLY_ACTIVE_ARCH = YES;
				SDKROOT = iphoneos;
				SWIFT_ACTIVE_COMPILATION_CONDITIONS = DEBUG;
				SWIFT_OPTIMIZATION_LEVEL = "-Onone";
			};
			name = Debug;
		};
		26C90BEE2A80966A000D03DF /* Release */ = {
			isa = XCBuildConfiguration;
			buildSettings = {
				ALWAYS_SEARCH_USER_PATHS = NO;
				CLANG_ANALYZER_NONNULL = YES;
				CLANG_ANALYZER_NUMBER_OBJECT_CONVERSION = YES_AGGRESSIVE;
				CLANG_CXX_LANGUAGE_STANDARD = "gnu++20";
				CLANG_ENABLE_MODULES = YES;
				CLANG_ENABLE_OBJC_ARC = YES;
				CLANG_ENABLE_OBJC_WEAK = YES;
				CLANG_WARN_BLOCK_CAPTURE_AUTORELEASING = YES;
				CLANG_WARN_BOOL_CONVERSION = YES;
				CLANG_WARN_COMMA = YES;
				CLANG_WARN_CONSTANT_CONVERSION = YES;
				CLANG_WARN_DEPRECATED_OBJC_IMPLEMENTATIONS = YES;
				CLANG_WARN_DIRECT_OBJC_ISA_USAGE = YES_ERROR;
				CLANG_WARN_DOCUMENTATION_COMMENTS = YES;
				CLANG_WARN_EMPTY_BODY = YES;
				CLANG_WARN_ENUM_CONVERSION = YES;
				CLANG_WARN_INFINITE_RECURSION = YES;
				CLANG_WARN_INT_CONVERSION = YES;
				CLANG_WARN_NON_LITERAL_NULL_CONVERSION = YES;
				CLANG_WARN_OBJC_IMPLICIT_RETAIN_SELF = YES;
				CLANG_WARN_OBJC_LITERAL_CONVERSION = YES;
				CLANG_WARN_OBJC_ROOT_CLASS = YES_ERROR;
				CLANG_WARN_QUOTED_INCLUDE_IN_FRAMEWORK_HEADER = YES;
				CLANG_WARN_RANGE_LOOP_ANALYSIS = YES;
				CLANG_WARN_STRICT_PROTOTYPES = YES;
				CLANG_WARN_SUSPICIOUS_MOVE = YES;
				CLANG_WARN_UNGUARDED_AVAILABILITY = YES_AGGRESSIVE;
				CLANG_WARN_UNREACHABLE_CODE = YES;
				CLANG_WARN__DUPLICATE_METHOD_MATCH = YES;
				COPY_PHASE_STRIP = NO;
				DEBUG_INFORMATION_FORMAT = "dwarf-with-dsym";
				ENABLE_NS_ASSERTIONS = NO;
				ENABLE_STRICT_OBJC_MSGSEND = YES;
				GCC_C_LANGUAGE_STANDARD = gnu11;
				GCC_NO_COMMON_BLOCKS = YES;
				GCC_WARN_64_TO_32_BIT_CONVERSION = YES;
				GCC_WARN_ABOUT_RETURN_TYPE = YES_ERROR;
				GCC_WARN_UNDECLARED_SELECTOR = YES;
				GCC_WARN_UNINITIALIZED_AUTOS = YES_AGGRESSIVE;
				GCC_WARN_UNUSED_FUNCTION = YES;
				GCC_WARN_UNUSED_VARIABLE = YES;
				IPHONEOS_DEPLOYMENT_TARGET = 16.4;
				MTL_ENABLE_DEBUG_INFO = NO;
				MTL_FAST_MATH = YES;
				SDKROOT = iphoneos;
				SWIFT_COMPILATION_MODE = wholemodule;
				SWIFT_OPTIMIZATION_LEVEL = "-O";
				VALIDATE_PRODUCT = YES;
			};
			name = Release;
		};
		26C90BF02A80966A000D03DF /* Debug */ = {
			isa = XCBuildConfiguration;
			buildSettings = {
				ASSETCATALOG_COMPILER_APPICON_NAME = AppIcon;
				ASSETCATALOG_COMPILER_GLOBAL_ACCENT_COLOR_NAME = AccentColor;
				CODE_SIGN_STYLE = Automatic;
				CURRENT_PROJECT_VERSION = 1;
				GENERATE_INFOPLIST_FILE = YES;
				INFOPLIST_FILE = Networking_week4/Info.plist;
				INFOPLIST_KEY_UIApplicationSupportsIndirectInputEvents = YES;
				INFOPLIST_KEY_UILaunchStoryboardName = LaunchScreen;
				INFOPLIST_KEY_UIMainStoryboardFile = Main;
				INFOPLIST_KEY_UISupportedInterfaceOrientations_iPad = "UIInterfaceOrientationPortrait UIInterfaceOrientationPortraitUpsideDown UIInterfaceOrientationLandscapeLeft UIInterfaceOrientationLandscapeRight";
				INFOPLIST_KEY_UISupportedInterfaceOrientations_iPhone = "UIInterfaceOrientationPortrait UIInterfaceOrientationLandscapeLeft UIInterfaceOrientationLandscapeRight";
				LD_RUNPATH_SEARCH_PATHS = (
					"$(inherited)",
					"@executable_path/Frameworks",
				);
				MARKETING_VERSION = 1.0;
				PRODUCT_BUNDLE_IDENTIFIER = "com.present.Networking-week4";
				PRODUCT_NAME = "$(TARGET_NAME)";
				SWIFT_EMIT_LOC_STRINGS = YES;
				SWIFT_VERSION = 5.0;
				TARGETED_DEVICE_FAMILY = "1,2";
			};
			name = Debug;
		};
		26C90BF12A80966A000D03DF /* Release */ = {
			isa = XCBuildConfiguration;
			buildSettings = {
				ASSETCATALOG_COMPILER_APPICON_NAME = AppIcon;
				ASSETCATALOG_COMPILER_GLOBAL_ACCENT_COLOR_NAME = AccentColor;
				CODE_SIGN_STYLE = Automatic;
				CURRENT_PROJECT_VERSION = 1;
				GENERATE_INFOPLIST_FILE = YES;
				INFOPLIST_FILE = Networking_week4/Info.plist;
				INFOPLIST_KEY_UIApplicationSupportsIndirectInputEvents = YES;
				INFOPLIST_KEY_UILaunchStoryboardName = LaunchScreen;
				INFOPLIST_KEY_UIMainStoryboardFile = Main;
				INFOPLIST_KEY_UISupportedInterfaceOrientations_iPad = "UIInterfaceOrientationPortrait UIInterfaceOrientationPortraitUpsideDown UIInterfaceOrientationLandscapeLeft UIInterfaceOrientationLandscapeRight";
				INFOPLIST_KEY_UISupportedInterfaceOrientations_iPhone = "UIInterfaceOrientationPortrait UIInterfaceOrientationLandscapeLeft UIInterfaceOrientationLandscapeRight";
				LD_RUNPATH_SEARCH_PATHS = (
					"$(inherited)",
					"@executable_path/Frameworks",
				);
				MARKETING_VERSION = 1.0;
				PRODUCT_BUNDLE_IDENTIFIER = "com.present.Networking-week4";
				PRODUCT_NAME = "$(TARGET_NAME)";
				SWIFT_EMIT_LOC_STRINGS = YES;
				SWIFT_VERSION = 5.0;
				TARGETED_DEVICE_FAMILY = "1,2";
			};
			name = Release;
		};
/* End XCBuildConfiguration section */

/* Begin XCConfigurationList section */
		26C90BD62A809668000D03DF /* Build configuration list for PBXProject "Networking_week4" */ = {
			isa = XCConfigurationList;
			buildConfigurations = (
				26C90BED2A80966A000D03DF /* Debug */,
				26C90BEE2A80966A000D03DF /* Release */,
			);
			defaultConfigurationIsVisible = 0;
			defaultConfigurationName = Release;
		};
		26C90BEF2A80966A000D03DF /* Build configuration list for PBXNativeTarget "Networking_week4" */ = {
			isa = XCConfigurationList;
			buildConfigurations = (
				26C90BF02A80966A000D03DF /* Debug */,
				26C90BF12A80966A000D03DF /* Release */,
			);
			defaultConfigurationIsVisible = 0;
			defaultConfigurationName = Release;
		};
/* End XCConfigurationList section */

/* Begin XCRemoteSwiftPackageReference section */
		26C90BF22A8096AD000D03DF /* XCRemoteSwiftPackageReference "Alamofire" */ = {
			isa = XCRemoteSwiftPackageReference;
			repositoryURL = "https://github.com/Alamofire/Alamofire";
			requirement = {
				kind = upToNextMajorVersion;
				minimumVersion = 5.0.0;
			};
		};
		26C90BF52A8096B9000D03DF /* XCRemoteSwiftPackageReference "Kingfisher" */ = {
			isa = XCRemoteSwiftPackageReference;
			repositoryURL = "https://github.com/onevcat/Kingfisher.git";
			requirement = {
				kind = upToNextMajorVersion;
				minimumVersion = 7.0.0;
			};
		};
		26C90BF82A8096C5000D03DF /* XCRemoteSwiftPackageReference "SwiftyJSON" */ = {
			isa = XCRemoteSwiftPackageReference;
			repositoryURL = "https://github.com/SwiftyJSON/SwiftyJSON";
			requirement = {
				kind = upToNextMajorVersion;
				minimumVersion = 5.0.0;
			};
		};
/* End XCRemoteSwiftPackageReference section */

/* Begin XCSwiftPackageProductDependency section */
		26C90BF32A8096AD000D03DF /* Alamofire */ = {
			isa = XCSwiftPackageProductDependency;
			package = 26C90BF22A8096AD000D03DF /* XCRemoteSwiftPackageReference "Alamofire" */;
			productName = Alamofire;
		};
		26C90BF62A8096B9000D03DF /* Kingfisher */ = {
			isa = XCSwiftPackageProductDependency;
			package = 26C90BF52A8096B9000D03DF /* XCRemoteSwiftPackageReference "Kingfisher" */;
			productName = Kingfisher;
		};
		26C90BF92A8096C5000D03DF /* SwiftyJSON */ = {
			isa = XCSwiftPackageProductDependency;
			package = 26C90BF82A8096C5000D03DF /* XCRemoteSwiftPackageReference "SwiftyJSON" */;
			productName = SwiftyJSON;
		};
/* End XCSwiftPackageProductDependency section */
	};
	rootObject = 26C90BD32A809668000D03DF /* Project object */;
}
